
Microsoft Visual Studio Solution File, Format Version 12.00
# Visual Studio Version 17
VisualStudioVersion = 17.0.31717.71
MinimumVisualStudioVersion = 10.0.40219.1
Project("{2150E333-8FDC-42A3-9474-1A3956D46DE8}") = "Backend", "Backend", "{88436689-DB60-4C98-B336-FFC17050F32B}"
EndProject
Project("{2150E333-8FDC-42A3-9474-1A3956D46DE8}") = "Shared", "Shared", "{8EE415A1-F1D4-437B-BD0C-B5E69C172255}"
EndProject
Project("{2150E333-8FDC-42A3-9474-1A3956D46DE8}") = "Frontend", "Frontend", "{B1F5DD2A-4840-4FA4-89A0-B4523376B181}"
EndProject
Project("{9A19103F-16F7-4668-BE54-9A1E7A4F7556}") = "S32X4L_HFT_2021221.Models", "S32X4L_HFT_2021221.Models\S32X4L_HFT_2021221.Models.csproj", "{03ACD3A6-022B-4C90-A495-FAE3604386B9}"
EndProject
Project("{9A19103F-16F7-4668-BE54-9A1E7A4F7556}") = "S32X4L_HFT_2021221.Data", "S32X4L_HFT_2021221.Data\S32X4L_HFT_2021221.Data.csproj", "{4702A4F8-FF2A-472E-9584-6F85D6E4376F}"
EndProject
Project("{9A19103F-16F7-4668-BE54-9A1E7A4F7556}") = "S32X4L_HFT_2021221.Logic", "S32X4L_HFT_2021221.Logic\S32X4L_HFT_2021221.Logic.csproj", "{D115BC20-1E32-4594-BA57-DDC886930516}"
EndProject
Project("{9A19103F-16F7-4668-BE54-9A1E7A4F7556}") = "S32X4L_HFT_2021221.Repository", "S32X4L_HFT_2021221.Repository\S32X4L_HFT_2021221.Repository.csproj", "{91C62B7C-801D-4F3D-B638-BC10FBD0A8C2}"
EndProject
Project("{9A19103F-16F7-4668-BE54-9A1E7A4F7556}") = "S32X4L_HFT_2021221.Test", "S32X4L_HFT_2021221.Test\S32X4L_HFT_2021221.Test.csproj", "{D9DE5D4C-E729-41D4-B2EE-502DE0E1BA00}"
EndProject
Project("{2150E333-8FDC-42A3-9474-1A3956D46DE8}") = "Others", "Others", "{CBB5213D-C4C9-4301-9C4F-C97B7A6470E4}"
	ProjectSection(SolutionItems) = preProject
		.gitignore = .gitignore
	EndProjectSection
EndProject
Project("{9A19103F-16F7-4668-BE54-9A1E7A4F7556}") = "S32X4L_HFT_2021221.Client", "S32X4L_HFT_2021221.Client\S32X4L_HFT_2021221.Client.csproj", "{63C08050-8BE8-4DBB-992D-9FD7CBB0A63F}"
EndProject
Project("{9A19103F-16F7-4668-BE54-9A1E7A4F7556}") = "S32X4L_HFT_2021221.JSClient", "S32X4L_HFT_2021221.JSClient\S32X4L_HFT_2021221.JSClient.csproj", "{823EF3C0-1B7F-4BDE-B2EB-1B5BF3ABD952}"
EndProject
Project("{9A19103F-16F7-4668-BE54-9A1E7A4F7556}") = "S32X4L_HFT_2021221.WPFClient", "S32X4L_HFT_2021221.WPFClient\S32X4L_HFT_2021221.WPFClient.csproj", "{20B410F9-4D4C-4490-B0BB-B836E5DACB67}"
EndProject
Project("{9A19103F-16F7-4668-BE54-9A1E7A4F7556}") = "S32X4L_HFT_2021221.Endpoint", "S32X4L_HFT_2021221.Endpoint\S32X4L_HFT_2021221.Endpoint.csproj", "{75E47F6C-A294-4F73-AB77-DC2B56E3BBA5}"
EndProject
Global
	GlobalSection(SolutionConfigurationPlatforms) = preSolution
		Debug|Any CPU = Debug|Any CPU
		Release|Any CPU = Release|Any CPU
	EndGlobalSection
	GlobalSection(ProjectConfigurationPlatforms) = postSolution
		{03ACD3A6-022B-4C90-A495-FAE3604386B9}.Debug|Any CPU.ActiveCfg = Debug|Any CPU
		{03ACD3A6-022B-4C90-A495-FAE3604386B9}.Debug|Any CPU.Build.0 = Debug|Any CPU
		{03ACD3A6-022B-4C90-A495-FAE3604386B9}.Release|Any CPU.ActiveCfg = Release|Any CPU
		{03ACD3A6-022B-4C90-A495-FAE3604386B9}.Release|Any CPU.Build.0 = Release|Any CPU
		{4702A4F8-FF2A-472E-9584-6F85D6E4376F}.Debug|Any CPU.ActiveCfg = Debug|Any CPU
		{4702A4F8-FF2A-472E-9584-6F85D6E4376F}.Debug|Any CPU.Build.0 = Debug|Any CPU
		{4702A4F8-FF2A-472E-9584-6F85D6E4376F}.Release|Any CPU.ActiveCfg = Release|Any CPU
		{4702A4F8-FF2A-472E-9584-6F85D6E4376F}.Release|Any CPU.Build.0 = Release|Any CPU
		{D115BC20-1E32-4594-BA57-DDC886930516}.Debug|Any CPU.ActiveCfg = Debug|Any CPU
		{D115BC20-1E32-4594-BA57-DDC886930516}.Debug|Any CPU.Build.0 = Debug|Any CPU
		{D115BC20-1E32-4594-BA57-DDC886930516}.Release|Any CPU.ActiveCfg = Release|Any CPU
		{D115BC20-1E32-4594-BA57-DDC886930516}.Release|Any CPU.Build.0 = Release|Any CPU
		{91C62B7C-801D-4F3D-B638-BC10FBD0A8C2}.Debug|Any CPU.ActiveCfg = Debug|Any CPU
		{91C62B7C-801D-4F3D-B638-BC10FBD0A8C2}.Debug|Any CPU.Build.0 = Debug|Any CPU
		{91C62B7C-801D-4F3D-B638-BC10FBD0A8C2}.Release|Any CPU.ActiveCfg = Release|Any CPU
		{91C62B7C-801D-4F3D-B638-BC10FBD0A8C2}.Release|Any CPU.Build.0 = Release|Any CPU
		{D9DE5D4C-E729-41D4-B2EE-502DE0E1BA00}.Debug|Any CPU.ActiveCfg = Debug|Any CPU
		{D9DE5D4C-E729-41D4-B2EE-502DE0E1BA00}.Debug|Any CPU.Build.0 = Debug|Any CPU
		{D9DE5D4C-E729-41D4-B2EE-502DE0E1BA00}.Release|Any CPU.ActiveCfg = Release|Any CPU
		{D9DE5D4C-E729-41D4-B2EE-502DE0E1BA00}.Release|Any CPU.Build.0 = Release|Any CPU
		{63C08050-8BE8-4DBB-992D-9FD7CBB0A63F}.Debug|Any CPU.ActiveCfg = Debug|Any CPU
		{63C08050-8BE8-4DBB-992D-9FD7CBB0A63F}.Debug|Any CPU.Build.0 = Debug|Any CPU
		{63C08050-8BE8-4DBB-992D-9FD7CBB0A63F}.Release|Any CPU.ActiveCfg = Release|Any CPU
		{63C08050-8BE8-4DBB-992D-9FD7CBB0A63F}.Release|Any CPU.Build.0 = Release|Any CPU
		{823EF3C0-1B7F-4BDE-B2EB-1B5BF3ABD952}.Debug|Any CPU.ActiveCfg = Debug|Any CPU
		{823EF3C0-1B7F-4BDE-B2EB-1B5BF3ABD952}.Debug|Any CPU.Build.0 = Debug|Any CPU
		{823EF3C0-1B7F-4BDE-B2EB-1B5BF3ABD952}.Release|Any CPU.ActiveCfg = Release|Any CPU
		{823EF3C0-1B7F-4BDE-B2EB-1B5BF3ABD952}.Release|Any CPU.Build.0 = Release|Any CPU
		{20B410F9-4D4C-4490-B0BB-B836E5DACB67}.Debug|Any CPU.ActiveCfg = Debug|Any CPU
		{20B410F9-4D4C-4490-B0BB-B836E5DACB67}.Debug|Any CPU.Build.0 = Debug|Any CPU
		{20B410F9-4D4C-4490-B0BB-B836E5DACB67}.Release|Any CPU.ActiveCfg = Release|Any CPU
		{20B410F9-4D4C-4490-B0BB-B836E5DACB67}.Release|Any CPU.Build.0 = Release|Any CPU
		{75E47F6C-A294-4F73-AB77-DC2B56E3BBA5}.Debug|Any CPU.ActiveCfg = Debug|Any CPU
		{75E47F6C-A294-4F73-AB77-DC2B56E3BBA5}.Debug|Any CPU.Build.0 = Debug|Any CPU
		{75E47F6C-A294-4F73-AB77-DC2B56E3BBA5}.Release|Any CPU.ActiveCfg = Release|Any CPU
		{75E47F6C-A294-4F73-AB77-DC2B56E3BBA5}.Release|Any CPU.Build.0 = Release|Any CPU
	EndGlobalSection
	GlobalSection(SolutionProperties) = preSolution
		HideSolutionNode = FALSE
	EndGlobalSection
	GlobalSection(NestedProjects) = preSolution
		{03ACD3A6-022B-4C90-A495-FAE3604386B9} = {8EE415A1-F1D4-437B-BD0C-B5E69C172255}
		{4702A4F8-FF2A-472E-9584-6F85D6E4376F} = {88436689-DB60-4C98-B336-FFC17050F32B}
		{D115BC20-1E32-4594-BA57-DDC886930516} = {88436689-DB60-4C98-B336-FFC17050F32B}
		{91C62B7C-801D-4F3D-B638-BC10FBD0A8C2} = {88436689-DB60-4C98-B336-FFC17050F32B}
		{D9DE5D4C-E729-41D4-B2EE-502DE0E1BA00} = {88436689-DB60-4C98-B336-FFC17050F32B}
		{63C08050-8BE8-4DBB-992D-9FD7CBB0A63F} = {B1F5DD2A-4840-4FA4-89A0-B4523376B181}
		{823EF3C0-1B7F-4BDE-B2EB-1B5BF3ABD952} = {B1F5DD2A-4840-4FA4-89A0-B4523376B181}
		{20B410F9-4D4C-4490-B0BB-B836E5DACB67} = {B1F5DD2A-4840-4FA4-89A0-B4523376B181}
		{75E47F6C-A294-4F73-AB77-DC2B56E3BBA5} = {88436689-DB60-4C98-B336-FFC17050F32B}
	EndGlobalSection
	GlobalSection(ExtensibilityGlobals) = postSolution
		SolutionGuid = {2A22EA1B-FCAA-4D7A-8ECE-52D4100B3275}
	EndGlobalSection
EndGlobal
